github.com/arunsworld/functional v0.0.1 h1:HDJT4M/YST/ry89kl7U6YoegkLEsBpuSVwG4I2quDPc=
github.com/arunsworld/functional v0.0.1/go.mod h1:QuCKkQ+u6L78OE7EgmxejclH3i4GT0Xusugcs6zicfA=
github.com/arunsworld/nursery v0.6.0 h1:w7Im3b6ZLPztrXheL095VaWu5u9d05Jk2YFvknG5B1M=
github.com/arunsworld/nursery v0.6.0/go.mod h1:U+FGk31qgsGyvlx/RJLF5TcAiW2FRYv3414MREDzCOQ=
